
Microsoft Visual Studio Solution File, Format Version 12.00
# Visual Studio Version 17
VisualStudioVersion = 17.7.33808.371
MinimumVisualStudioVersion = 10.0.40219.1
Project("{9A19103F-16F7-4668-BE54-9A1E7A4F7556}") = "Tes3EditX.Console", "Tes3EditX.Console\Tes3EditX.Console.csproj", "{28AF2623-DC75-44FC-AF15-65A9E498A765}"
EndProject
Project("{9A19103F-16F7-4668-BE54-9A1E7A4F7556}") = "TES3Lib", "..\TES3Lib\TES3Lib.csproj", "{F59D3033-0157-4B07-BBD5-DC44DA5176F1}"
EndProject
Project("{9A19103F-16F7-4668-BE54-9A1E7A4F7556}") = "Utility", "..\Utility\Utility.csproj", "{575DA76E-AF08-4CB5-9749-EB20B519B672}"
EndProject
Project("{2150E333-8FDC-42A3-9474-1A3956D46DE8}") = "lib", "lib", "{C8EA0A6D-9BA3-4981-8AA1-E517BF31BEC2}"
EndProject
Project("{FAE04EC0-301F-11D3-BF4B-00C04F79EFBC}") = "Tes3EditX.Maui", "Tes3EditX.Maui\Tes3EditX.Maui.csproj", "{09DA59DE-2E48-4AF4-BC29-3E50D4526B9C}"
EndProject
Global
	GlobalSection(SolutionConfigurationPlatforms) = preSolution
		Debug|Any CPU = Debug|Any CPU
		Release|Any CPU = Release|Any CPU
	EndGlobalSection
	GlobalSection(ProjectConfigurationPlatforms) = postSolution
		{28AF2623-DC75-44FC-AF15-65A9E498A765}.Debug|Any CPU.ActiveCfg = Debug|Any CPU
		{28AF2623-DC75-44FC-AF15-65A9E498A765}.Debug|Any CPU.Build.0 = Debug|Any CPU
		{28AF2623-DC75-44FC-AF15-65A9E498A765}.Release|Any CPU.ActiveCfg = Release|Any CPU
		{28AF2623-DC75-44FC-AF15-65A9E498A765}.Release|Any CPU.Build.0 = Release|Any CPU
		{F59D3033-0157-4B07-BBD5-DC44DA5176F1}.Debug|Any CPU.ActiveCfg = Debug|Any CPU
		{F59D3033-0157-4B07-BBD5-DC44DA5176F1}.Debug|Any CPU.Build.0 = Debug|Any CPU
		{F59D3033-0157-4B07-BBD5-DC44DA5176F1}.Release|Any CPU.ActiveCfg = Release|Any CPU
		{F59D3033-0157-4B07-BBD5-DC44DA5176F1}.Release|Any CPU.Build.0 = Release|Any CPU
		{575DA76E-AF08-4CB5-9749-EB20B519B672}.Debug|Any CPU.ActiveCfg = Debug|Any CPU
		{575DA76E-AF08-4CB5-9749-EB20B519B672}.Debug|Any CPU.Build.0 = Debug|Any CPU
		{575DA76E-AF08-4CB5-9749-EB20B519B672}.Release|Any CPU.ActiveCfg = Release|Any CPU
		{575DA76E-AF08-4CB5-9749-EB20B519B672}.Release|Any CPU.Build.0 = Release|Any CPU
		{09DA59DE-2E48-4AF4-BC29-3E50D4526B9C}.Debug|Any CPU.ActiveCfg = Debug|Any CPU
		{09DA59DE-2E48-4AF4-BC29-3E50D4526B9C}.Debug|Any CPU.Build.0 = Debug|Any CPU
		{09DA59DE-2E48-4AF4-BC29-3E50D4526B9C}.Debug|Any CPU.Deploy.0 = Debug|Any CPU
		{09DA59DE-2E48-4AF4-BC29-3E50D4526B9C}.Release|Any CPU.ActiveCfg = Release|Any CPU
		{09DA59DE-2E48-4AF4-BC29-3E50D4526B9C}.Release|Any CPU.Build.0 = Release|Any CPU
		{09DA59DE-2E48-4AF4-BC29-3E50D4526B9C}.Release|Any CPU.Deploy.0 = Release|Any CPU
	EndGlobalSection
	GlobalSection(SolutionProperties) = preSolution
		HideSolutionNode = FALSE
	EndGlobalSection
	GlobalSection(NestedProjects) = preSolution
		{F59D3033-0157-4B07-BBD5-DC44DA5176F1} = {C8EA0A6D-9BA3-4981-8AA1-E517BF31BEC2}
		{575DA76E-AF08-4CB5-9749-EB20B519B672} = {C8EA0A6D-9BA3-4981-8AA1-E517BF31BEC2}
	EndGlobalSection
EndGlobal
